
Microsoft Visual Studio Solution File, Format Version 12.00
# Visual Studio Version 17
VisualStudioVersion = 17.10.35013.160
MinimumVisualStudioVersion = 10.0.40219.1
Project("{8BC9CEB8-8B4A-11D0-8D11-00A0C91BC942}") = "LBM", "LBM.vcxproj", "{83B3A30D-8AB8-40C6-9B9B-A1EE7DB7092C}"
EndProject
Global
	GlobalSection(SolutionConfigurationPlatforms) = preSolution
		Debug|x64 = Debug|x64
		Release|x64 = Release|x64
	EndGlobalSection
	GlobalSection(ProjectConfigurationPlatforms) = postSolution
		{83B3A30D-8AB8-40C6-9B9B-A1EE7DB7092C}.Debug|x64.ActiveCfg = Debug|x64
		{83B3A30D-8AB8-40C6-9B9B-A1EE7DB7092C}.Debug|x64.Build.0 = Debug|x64
		{83B3A30D-8AB8-40C6-9B9B-A1EE7DB7092C}.Release|x64.ActiveCfg = Release|x64
		{83B3A30D-8AB8-40C6-9B9B-A1EE7DB7092C}.Release|x64.Build.0 = Release|x64
	EndGlobalSection
	GlobalSection(SolutionProperties) = preSolution
		HideSolutionNode = FALSE
	EndGlobalSection
	GlobalSection(ExtensibilityGlobals) = postSolution
		SolutionGuid = {E8B36193-4B69-423C-823D-156279DB7E38}
	EndGlobalSection
EndGlobal
